
Microsoft Visual Studio Solution File, Format Version 12.00
# Visual Studio Version 17
VisualStudioVersion = 17.8.34330.188
MinimumVisualStudioVersion = 10.0.40219.1
Project("{FAE04EC0-301F-11D3-BF4B-00C04F79EFBC}") = "WebAppCalendario", "WebAppCalendario\WebAppCalendario.csproj", "{83F02D9B-C812-4498-8E31-68E6C43410A7}"
EndProject
Global
	GlobalSection(SolutionConfigurationPlatforms) = preSolution
		Debug|Any CPU = Debug|Any CPU
		Release|Any CPU = Release|Any CPU
	EndGlobalSection
	GlobalSection(ProjectConfigurationPlatforms) = postSolution
		{83F02D9B-C812-4498-8E31-68E6C43410A7}.Debug|Any CPU.ActiveCfg = Debug|Any CPU
		{83F02D9B-C812-4498-8E31-68E6C43410A7}.Debug|Any CPU.Build.0 = Debug|Any CPU
		{83F02D9B-C812-4498-8E31-68E6C43410A7}.Release|Any CPU.ActiveCfg = Release|Any CPU
		{83F02D9B-C812-4498-8E31-68E6C43410A7}.Release|Any CPU.Build.0 = Release|Any CPU
	EndGlobalSection
	GlobalSection(SolutionProperties) = preSolution
		HideSolutionNode = FALSE
	EndGlobalSection
	GlobalSection(ExtensibilityGlobals) = postSolution
		SolutionGuid = {857B748D-5348-424B-A094-2CE56FD8E344}
	EndGlobalSection
EndGlobal
